
Microsoft Visual Studio Solution File, Format Version 11.00
# Visual Studio 2010
Project("{FAE04EC0-301F-11D3-BF4B-00C04F79EFBC}") = "Assembly-CSharp-firstpass", "Assembly-CSharp-firstpass.csproj", "{e2604139-1901-0c8a-16fd-3bef16180fee}"
EndProject
Project("{FAE04EC0-301F-11D3-BF4B-00C04F79EFBC}") = "Assembly-CSharp", "Assembly-CSharp.csproj", "{0504db50-9d9f-de48-ad6b-f932a5b90e1b}"
EndProject
Project("{FAE04EC0-301F-11D3-BF4B-00C04F79EFBC}") = "Assembly-CSharp-Editor", "Assembly-CSharp-Editor.csproj", "{2e9bb490-7a7f-2acb-baab-6dbb4e3ab3d8}"
EndProject
Global
	GlobalSection(SolutionConfigurationPlatforms) = preSolution
		Debug|Any CPU = Debug|Any CPU
	EndGlobalSection
	GlobalSection(ProjectConfigurationPlatforms) = postSolution
		{e2604139-1901-0c8a-16fd-3bef16180fee}.Debug|Any CPU.ActiveCfg = Debug|Any CPU
		{e2604139-1901-0c8a-16fd-3bef16180fee}.Debug|Any CPU.Build.0 = Debug|Any CPU
		{0504db50-9d9f-de48-ad6b-f932a5b90e1b}.Debug|Any CPU.ActiveCfg = Debug|Any CPU
		{0504db50-9d9f-de48-ad6b-f932a5b90e1b}.Debug|Any CPU.Build.0 = Debug|Any CPU
		{2e9bb490-7a7f-2acb-baab-6dbb4e3ab3d8}.Debug|Any CPU.ActiveCfg = Debug|Any CPU
		{2e9bb490-7a7f-2acb-baab-6dbb4e3ab3d8}.Debug|Any CPU.Build.0 = Debug|Any CPU
	EndGlobalSection
	GlobalSection(SolutionProperties) = preSolution
		HideSolutionNode = FALSE
	EndGlobalSection
EndGlobal
